PODS:
  - HBChatKeyBoard (1.0.1):
    - SnapKit (~> 4.0.0)
  - SnapKit (4.0.1)

DEPENDENCIES:
  - HBChatKeyBoard

SPEC REPOS:
  https://github.com/cocoapods/specs.git:
    - HBChatKeyBoard
    - SnapKit

SPEC CHECKSUMS:
  HBChatKeyBoard: 222efe6714c84301a268f1d58689b3f6cb08d3a0
  SnapKit: 0de968a9fec17499afa29683b05d0c775b6d1c29

PODFILE CHECKSUM: a41ef835cd5f27c944902864598476353555a468

COCOAPODS: 1.6.1
